SITE
  remote: https://supermarket.getchef.com/api/v1
  specs:
    al_agents (1.3.4)
      line (>= 0.0.0)
      rsyslog (= 2.2.0)
      selinux_policy (>= 0.0.0)
    apt (3.0.0)
    build-essential (3.2.0)
      seven_zip (>= 0.0.0)
    cloudwatch_monitoring (1.2.0)
      cron (>= 0.0.0)
    cron (1.7.6)
    line (0.6.3)
    ohai (5.0.3)
    remote_syslog2 (0.3.0)
    rsyslog (2.2.0)
    selinux_policy (0.9.5)
      yum (~> 3.9)
    seven_zip (2.0.2)
      windows (>= 1.2.2)
    windows (3.0.5)
      ohai (>= 4.0.0)
    yum (3.13.0)

GIT
  remote: https://github.com/greenlightmedical/cookbooks
  path: aws-ubuntu
  ref: master
  sha: 469444cfc6dd854b58693614b5488c0b8ac79501
  specs:
    aws-ubuntu (1.0.0)

GIT
  remote: https://github.com/greenlightmedical/cookbooks
  path: sidekiq
  ref: master
  sha: c1204487aeea3af1c7a173d721416dfb2fcad611 
  specs:
    sidekiq (0.2.0)

GIT
  remote: https://github.com/greenlightmedical/opsworks_custom_env
  ref: master
  sha: 7bc0a199a89518ecd444eaec909c90d814473c4b
  specs:
    opsworks_custom_env (0.3.0)

GIT
  remote: https://github.com/shlomoswidler/awscli
  ref: master
  sha: 9fb7f8b5c5be6d2edc69dc8a52adc6b832ff331e
  specs:
    awscli (0.4.0)

DEPENDENCIES
  al_agents (= 1.3.4)
  apt (= 3.0.0)
  aws-ubuntu (>= 0)
  awscli (>= 0)
  build-essential (= 3.2.0)
  cloudwatch_monitoring (~> 1.2.0)
  cron (= 1.7.6)
  opsworks_custom_env (>= 0)
  remote_syslog2 (~> 0.3.0)
  selinux_policy (= 0.9.5)
  sidekiq (>= 0)

